github.com/reiver/go-oi v0.0.0-20160325061615-431c83978379 h1:NBPkf14RzPYmr3478XQcmQyMKkxSvguL7+cyKKNvGxY=
github.com/reiver/go-oi v0.0.0-20160325061615-431c83978379/go.mod h1:RrDBct90BAhoDTxB1fenZwfykqeGvhI6LsNfStJoEkI=
github.com/reiver/go-telnet v0.0.0-20180421082511-9ff0b2ab096e h1:quuzZLi72kkJjl+f5AQ93FMcadG19WkS7MO6TXFOSas=
github.com/reiver/go-telnet v0.0.0-20180421082511-9ff0b2ab096e/go.mod h1:+5vNVvEWwEIx86DB9Ke/+a5wBI464eDRo3eF0LcfpWg=
